// !$*UTF8*$!
{
	archiveVersion = 1;
	classes = {
	};
	objectVersion = 46;
	objects = {

/* Begin PBXBuildFile section */
		3D9E6E421E6E108D00A07DF1 /* AppDelegate.swift in Sources */ = {isa = PBXBuildFile; fileRef = 3D9E6E411E6E108D00A07DF1 /* AppDelegate.swift */; };
		3D9E6E441E6E108D00A07DF1 /* ViewController.swift in Sources */ = {isa = PBXBuildFile; fileRef = 3D9E6E431E6E108D00A07DF1 /* ViewController.swift */; };
		3D9E6E471E6E108D00A07DF1 /* Main.storyboard in Resources */ = {isa = PBXBuildFile; fileRef = 3D9E6E451E6E108D00A07DF1 /* Main.storyboard */; };
		3D9E6E4A1E6E108D00A07DF1 /* CIS55_FinalProject.xcdatamodeld in Sources */ = {isa = PBXBuildFile; fileRef = 3D9E6E481E6E108D00A07DF1 /* CIS55_FinalProject.xcdatamodeld */; };
		3D9E6E4F1E6E108E00A07DF1 /* LaunchScreen.storyboard in Resources */ = {isa = PBXBuildFile; fileRef = 3D9E6E4D1E6E108E00A07DF1 /* LaunchScreen.storyboard */; };
		3DDD74211E79A41F00EF818C /* FeelingsTableViewCell.swift in Sources */ = {isa = PBXBuildFile; fileRef = 3DDD74201E79A41F00EF818C /* FeelingsTableViewCell.swift */; };
		3DDD74251E79A9C000EF818C /* 01 Body and Sound Meditation.mp3 in Resources */ = {isa = PBXBuildFile; fileRef = 3DDD74221E79A9C000EF818C /* 01 Body and Sound Meditation.mp3 */; };
		3DDD74261E79A9C000EF818C /* 04 Zebra Finches in the outback.mp3 in Resources */ = {isa = PBXBuildFile; fileRef = 3DDD74231E79A9C000EF818C /* 04 Zebra Finches in the outback.mp3 */; };
		3DDD74271E79A9C000EF818C /* GoksuMarshes.mp3 in Resources */ = {isa = PBXBuildFile; fileRef = 3DDD74241E79A9C000EF818C /* GoksuMarshes.mp3 */; };
		3DF437DE1E735C6D00E8FF8B /* SongListObject.swift in Sources */ = {isa = PBXBuildFile; fileRef = 3DF437DD1E735C6D00E8FF8B /* SongListObject.swift */; };
		3DF437E81E797EC400E8FF8B /* feelingsTableViewController.swift in Sources */ = {isa = PBXBuildFile; fileRef = 3DF437E71E797EC400E8FF8B /* feelingsTableViewController.swift */; };
		8DB180ED1E78842800977454 /* playMusicViewController.swift in Sources */ = {isa = PBXBuildFile; fileRef = 8DB180EC1E78842800977454 /* playMusicViewController.swift */; };
		8DB180F11E788CC300977454 /* Assets.xcassets in Resources */ = {isa = PBXBuildFile; fileRef = 8DB180F01E788CC300977454 /* Assets.xcassets */; };
		8DC7495B1E790D39005B7AE5 /* projectUtil.swift in Sources */ = {isa = PBXBuildFile; fileRef = 8DC7495A1E790D39005B7AE5 /* projectUtil.swift */; };
		D527B12C1E79EA300015ACC6 /* TimedViewController.swift in Sources */ = {isa = PBXBuildFile; fileRef = D527B12B1E79EA300015ACC6 /* TimedViewController.swift */; };
/* End PBXBuildFile section */

/* Begin PBXFileReference section */
		3D9E6E3E1E6E108D00A07DF1 /* CIS55_FinalProject.app */ = {isa = PBXFileReference; explicitFileType = wrapper.application; includeInIndex = 0; path = CIS55_FinalProject.app; sourceTree = BUILT_PRODUCTS_DIR; };
		3D9E6E411E6E108D00A07DF1 /* AppDelegate.swift */ = {isa = PBXFileReference; lastKnownFileType = sourcecode.swift; path = AppDelegate.swift; sourceTree = "<group>"; };
		3D9E6E431E6E108D00A07DF1 /* ViewController.swift */ = {isa = PBXFileReference; lastKnownFileType = sourcecode.swift; path = ViewController.swift; sourceTree = "<group>"; };
		3D9E6E461E6E108D00A07DF1 /* Base */ = {isa = PBXFileReference; lastKnownFileType = file.storyboard; name = Base; path = Base.lproj/Main.storyboard; sourceTree = "<group>"; };
		3D9E6E491E6E108D00A07DF1 /* CIS55_FinalProject.xcdatamodel */ = {isa = PBXFileReference; lastKnownFileType = wrapper.xcdatamodel; path = CIS55_FinalProject.xcdatamodel; sourceTree = "<group>"; };
		3D9E6E4E1E6E108E00A07DF1 /* Base */ = {isa = PBXFileReference; lastKnownFileType = file.storyboard; name = Base; path = Base.lproj/LaunchScreen.storyboard; sourceTree = "<group>"; };
		3D9E6E501E6E108E00A07DF1 /* Info.plist */ = {isa = PBXFileReference; lastKnownFileType = text.plist.xml; path = Info.plist; sourceTree = "<group>"; };
		3DDD74201E79A41F00EF818C /* FeelingsTableViewCell.swift */ = {isa = PBXFileReference; fileEncoding = 4; lastKnownFileType = sourcecode.swift; path = FeelingsTableViewCell.swift; sourceTree = "<group>"; };
		3DDD74221E79A9C000EF818C /* 01 Body and Sound Meditation.mp3 */ = {isa = PBXFileReference; lastKnownFileType = audio.mp3; name = "01 Body and Sound Meditation.mp3"; path = "Songs/01 Body and Sound Meditation.mp3"; sourceTree = "<group>"; };
		3DDD74231E79A9C000EF818C /* 04 Zebra Finches in the outback.mp3 */ = {isa = PBXFileReference; lastKnownFileType = audio.mp3; name = "04 Zebra Finches in the outback.mp3"; path = "Songs/04 Zebra Finches in the outback.mp3"; sourceTree = "<group>"; };
		3DDD74241E79A9C000EF818C /* GoksuMarshes.mp3 */ = {isa = PBXFileReference; lastKnownFileType = audio.mp3; name = GoksuMarshes.mp3; path = Songs/GoksuMarshes.mp3; sourceTree = "<group>"; };
		3DF437DD1E735C6D00E8FF8B /* SongListObject.swift */ = {isa = PBXFileReference; fileEncoding = 4; lastKnownFileType = sourcecode.swift; path = SongListObject.swift; sourceTree = "<group>"; };
		3DF437E71E797EC400E8FF8B /* feelingsTableViewController.swift */ = {isa = PBXFileReference; fileEncoding = 4; lastKnownFileType = sourcecode.swift; path = feelingsTableViewController.swift; sourceTree = "<group>"; };
		8DB180EC1E78842800977454 /* playMusicViewController.swift */ = {isa = PBXFileReference; fileEncoding = 4; lastKnownFileType = sourcecode.swift; path = playMusicViewController.swift; sourceTree = "<group>"; };
		8DB180F01E788CC300977454 /* Assets.xcassets */ = {isa = PBXFileReference; lastKnownFileType = folder.assetcatalog; path = Assets.xcassets; sourceTree = "<group>"; };
		8DC7495A1E790D39005B7AE5 /* projectUtil.swift */ = {isa = PBXFileReference; fileEncoding = 4; lastKnownFileType = sourcecode.swift; path = projectUtil.swift; sourceTree = "<group>"; };
		D527B12B1E79EA300015ACC6 /* TimedViewController.swift */ = {isa = PBXFileReference; fileEncoding = 4; lastKnownFileType = sourcecode.swift; path = TimedViewController.swift; sourceTree = "<group>"; };
/* End PBXFileReference section */

/* Begin PBXFrameworksBuildPhase section */
		3D9E6E3B1E6E108D00A07DF1 /* Frameworks */ = {
			isa = PBXFrameworksBuildPhase;
			buildActionMask = 2147483647;
			files = (
			);
			runOnlyForDeploymentPostprocessing = 0;
		};
/* End PBXFrameworksBuildPhase section */

/* Begin PBXGroup section */
		3D9E6E351E6E108D00A07DF1 = {
			isa = PBXGroup;
			children = (
				3D9E6E401E6E108D00A07DF1 /* CIS55_FinalProject */,
				3D9E6E3F1E6E108D00A07DF1 /* Products */,
			);
			sourceTree = "<group>";
		};
		3D9E6E3F1E6E108D00A07DF1 /* Products */ = {
			isa = PBXGroup;
			children = (
				3D9E6E3E1E6E108D00A07DF1 /* CIS55_FinalProject.app */,
			);
			name = Products;
			sourceTree = "<group>";
		};
		3D9E6E401E6E108D00A07DF1 /* CIS55_FinalProject */ = {
			isa = PBXGroup;
			children = (
				3D9E6E411E6E108D00A07DF1 /* AppDelegate.swift */,
				3D9E6E431E6E108D00A07DF1 /* ViewController.swift */,
				3DF437DD1E735C6D00E8FF8B /* SongListObject.swift */,
				3D9E6E451E6E108D00A07DF1 /* Main.storyboard */,
				D527B12B1E79EA300015ACC6 /* TimedViewController.swift */,
				3DDD74201E79A41F00EF818C /* FeelingsTableViewCell.swift */,
				3DF437E71E797EC400E8FF8B /* feelingsTableViewController.swift */,
				8DB180EC1E78842800977454 /* playMusicViewController.swift */,
				8DB180F01E788CC300977454 /* Assets.xcassets */,
				3D9E6E4D1E6E108E00A07DF1 /* LaunchScreen.storyboard */,
				3D9E6E501E6E108E00A07DF1 /* Info.plist */,
				3D9E6E481E6E108D00A07DF1 /* CIS55_FinalProject.xcdatamodeld */,
				8D6B525B1E778FCB00B55E17 /* Songs */,
				8DC7495A1E790D39005B7AE5 /* projectUtil.swift */,
			);
			path = CIS55_FinalProject;
			sourceTree = "<group>";
		};
		8D6B525B1E778FCB00B55E17 /* Songs */ = {
			isa = PBXGroup;
			children = (
				3DDD74221E79A9C000EF818C /* 01 Body and Sound Meditation.mp3 */,
				3DDD74231E79A9C000EF818C /* 04 Zebra Finches in the outback.mp3 */,
				3DDD74241E79A9C000EF818C /* GoksuMarshes.mp3 */,
			);
			name = Songs;
			sourceTree = "<group>";
		};
/* End PBXGroup section */

/* Begin PBXNativeTarget section */
		3D9E6E3D1E6E108D00A07DF1 /* CIS55_FinalProject */ = {
			isa = PBXNativeTarget;
			buildConfigurationList = 3D9E6E531E6E108E00A07DF1 /* Build configuration list for PBXNativeTarget "CIS55_FinalProject" */;
			buildPhases = (
				3D9E6E3A1E6E108D00A07DF1 /* Sources */,
				3D9E6E3B1E6E108D00A07DF1 /* Frameworks */,
				3D9E6E3C1E6E108D00A07DF1 /* Resources */,
			);
			buildRules = (
			);
			dependencies = (
			);
			name = CIS55_FinalProject;
			productName = CIS55_FinalProject;
			productReference = 3D9E6E3E1E6E108D00A07DF1 /* CIS55_FinalProject.app */;
			productType = "com.apple.product-type.application";
		};
/* End PBXNativeTarget section */

/* Begin PBXProject section */
		3D9E6E361E6E108D00A07DF1 /* Project object */ = {
			isa = PBXProject;
			attributes = {
				LastSwiftUpdateCheck = 0820;
				LastUpgradeCheck = 0820;
				ORGANIZATIONNAME = DeAnza;
				TargetAttributes = {
					3D9E6E3D1E6E108D00A07DF1 = {
						CreatedOnToolsVersion = 8.2.1;
						ProvisioningStyle = Automatic;
					};
				};
			};
			buildConfigurationList = 3D9E6E391E6E108D00A07DF1 /* Build configuration list for PBXProject "CIS55_FinalProject" */;
			compatibilityVersion = "Xcode 3.2";
			developmentRegion = English;
			hasScannedForEncodings = 0;
			knownRegions = (
				en,
				Base,
			);
			mainGroup = 3D9E6E351E6E108D00A07DF1;
			productRefGroup = 3D9E6E3F1E6E108D00A07DF1 /* Products */;
			projectDirPath = "";
			projectRoot = "";
			targets = (
				3D9E6E3D1E6E108D00A07DF1 /* CIS55_FinalProject */,
			);
		};
/* End PBXProject section */

/* Begin PBXResourcesBuildPhase section */
		3D9E6E3C1E6E108D00A07DF1 /* Resources */ = {
			isa = PBXResourcesBuildPhase;
			buildActionMask = 2147483647;
			files = (
				3DDD74271E79A9C000EF818C /* GoksuMarshes.mp3 in Resources */,
				3DDD74261E79A9C000EF818C /* 04 Zebra Finches in the outback.mp3 in Resources */,
				3D9E6E4F1E6E108E00A07DF1 /* LaunchScreen.storyboard in Resources */,
				3D9E6E471E6E108D00A07DF1 /* Main.storyboard in Resources */,
				3DDD74251E79A9C000EF818C /* 01 Body and Sound Meditation.mp3 in Resources */,
				8DB180F11E788CC300977454 /* Assets.xcassets in Resources */,
			);
			runOnlyForDeploymentPostprocessing = 0;
		};
/* End PBXResourcesBuildPhase section */

/* Begin PBXSourcesBuildPhase section */
		3D9E6E3A1E6E108D00A07DF1 /* Sources */ = {
			isa = PBXSourcesBuildPhase;
			buildActionMask = 2147483647;
			files = (
				8DB180ED1E78842800977454 /* playMusicViewController.swift in Sources */,
				3DDD74211E79A41F00EF818C /* FeelingsTableViewCell.swift in Sources */,
				3D9E6E4A1E6E108D00A07DF1 /* CIS55_FinalProject.xcdatamodeld in Sources */,
				3DF437DE1E735C6D00E8FF8B /* SongListObject.swift in Sources */,
				8DC7495B1E790D39005B7AE5 /* projectUtil.swift in Sources */,
				3D9E6E441E6E108D00A07DF1 /* ViewController.swift in Sources */,
				D527B12C1E79EA300015ACC6 /* TimedViewController.swift in Sources */,
				3DF437E81E797EC400E8FF8B /* feelingsTableViewController.swift in Sources */,
				3D9E6E421E6E108D00A07DF1 /* AppDelegate.swift in Sources */,
			);
			runOnlyForDeploymentPostprocessing = 0;
		};
/* End PBXSourcesBuildPhase section */

/* Begin PBXVariantGroup section */
		3D9E6E451E6E108D00A07DF1 /* Main.storyboard */ = {
			isa = PBXVariantGroup;
			children = (
				3D9E6E461E6E108D00A07DF1 /* Base */,
			);
			name = Main.storyboard;
			sourceTree = "<group>";
		};
		3D9E6E4D1E6E108E00A07DF1 /* LaunchScreen.storyboard */ = {
			isa = PBXVariantGroup;
			children = (
				3D9E6E4E1E6E108E00A07DF1 /* Base */,
			);
			name = LaunchScreen.storyboard;
			sourceTree = "<group>";
		};
/* End PBXVariantGroup section */

/* Begin XCBuildConfiguration section */
		3D9E6E511E6E108E00A07DF1 /* Debug */ = {
			isa = XCBuildConfiguration;
			buildSettings = {
				ALWAYS_SEARCH_USER_PATHS = NO;
				CLANG_ANALYZER_NONNULL = YES;
				CLANG_CXX_LANGUAGE_STANDARD = "gnu++0x";
				CLANG_CXX_LIBRARY = "libc++";
				CLANG_ENABLE_MODULES = YES;
				CLANG_ENABLE_OBJC_ARC = YES;
				CLANG_WARN_BOOL_CONVERSION = YES;
				CLANG_WARN_CONSTANT_CONVERSION = YES;
				CLANG_WARN_DIRECT_OBJC_ISA_USAGE = YES_ERROR;
				CLANG_WARN_DOCUMENTATION_COMMENTS = YES;
				CLANG_WARN_EMPTY_BODY = YES;
				CLANG_WARN_ENUM_CONVERSION = YES;
				CLANG_WARN_INFINITE_RECURSION = YES;
				CLANG_WARN_INT_CONVERSION = YES;
				CLANG_WARN_OBJC_ROOT_CLASS = YES_ERROR;
				CLANG_WARN_SUSPICIOUS_MOVE = YES;
				CLANG_WARN_UNREACHABLE_CODE = YES;
				CLANG_WARN__DUPLICATE_METHOD_MATCH = YES;
				"CODE_SIGN_IDENTITY[sdk=iphoneos*]" = "iPhone Developer";
				COPY_PHASE_STRIP = NO;
				DEBUG_INFORMATION_FORMAT = dwarf;
				ENABLE_STRICT_OBJC_MSGSEND = YES;
				ENABLE_TESTABILITY = YES;
				GCC_C_LANGUAGE_STANDARD = gnu99;
				GCC_DYNAMIC_NO_PIC = NO;
				GCC_NO_COMMON_BLOCKS = YES;
				GCC_OPTIMIZATION_LEVEL = 0;
				GCC_PREPROCESSOR_DEFINITIONS = (
					"DEBUG=1",
					"$(inherited)",
				);
				GCC_WARN_64_TO_32_BIT_CONVERSION = YES;
				GCC_WARN_ABOUT_RETURN_TYPE = YES_ERROR;
				GCC_WARN_UNDECLARED_SELECTOR = YES;
				GCC_WARN_UNINITIALIZED_AUTOS = YES_AGGRESSIVE;
				GCC_WARN_UNUSED_FUNCTION = YES;
				GCC_WARN_UNUSED_VARIABLE = YES;
				IPHONEOS_DEPLOYMENT_TARGET = 10.2;
				MTL_ENABLE_DEBUG_INFO = YES;
				ONLY_ACTIVE_ARCH = YES;
				SDKROOT = iphoneos;
				SWIFT_ACTIVE_COMPILATION_CONDITIONS = DEBUG;
				SWIFT_OPTIMIZATION_LEVEL = "-Onone";
			};
			name = Debug;
		};
		3D9E6E521E6E108E00A07DF1 /* Release */ = {
			isa = XCBuildConfiguration;
			buildSettings = {
				ALWAYS_SEARCH_USER_PATHS = NO;
				CLANG_ANALYZER_NONNULL = YES;
				CLANG_CXX_LANGUAGE_STANDARD = "gnu++0x";
				CLANG_CXX_LIBRARY = "libc++";
				CLANG_ENABLE_MODULES = YES;
				CLANG_ENABLE_OBJC_ARC = YES;
				CLANG_WARN_BOOL_CONVERSION = YES;
				CLANG_WARN_CONSTANT_CONVERSION = YES;
				CLANG_WARN_DIRECT_OBJC_ISA_USAGE = YES_ERROR;
				CLANG_WARN_DOCUMENTATION_COMMENTS = YES;
				CLANG_WARN_EMPTY_BODY = YES;
				CLANG_WARN_ENUM_CONVERSION = YES;
				CLANG_WARN_INFINITE_RECURSION = YES;
				CLANG_WARN_INT_CONVERSION = YES;
				CLANG_WARN_OBJC_ROOT_CLASS = YES_ERROR;
				CLANG_WARN_SUSPICIOUS_MOVE = YES;
				CLANG_WARN_UNREACHABLE_CODE = YES;
				CLANG_WARN__DUPLICATE_METHOD_MATCH = YES;
				"CODE_SIGN_IDENTITY[sdk=iphoneos*]" = "iPhone Developer";
				COPY_PHASE_STRIP = NO;
				DEBUG_INFORMATION_FORMAT = "dwarf-with-dsym";
				ENABLE_NS_ASSERTIONS = NO;
				ENABLE_STRICT_OBJC_MSGSEND = YES;
				GCC_C_LANGUAGE_STANDARD = gnu99;
				GCC_NO_COMMON_BLOCKS = YES;
				GCC_WARN_64_TO_32_BIT_CONVERSION = YES;
				GCC_WARN_ABOUT_RETURN_TYPE = YES_ERROR;
				GCC_WARN_UNDECLARED_SELECTOR = YES;
				GCC_WARN_UNINITIALIZED_AUTOS = YES_AGGRESSIVE;
				GCC_WARN_UNUSED_FUNCTION = YES;
				GCC_WARN_UNUSED_VARIABLE = YES;
				IPHONEOS_DEPLOYMENT_TARGET = 10.2;
				MTL_ENABLE_DEBUG_INFO = NO;
				SDKROOT = iphoneos;
				SWIFT_OPTIMIZATION_LEVEL = "-Owholemodule";
				VALIDATE_PRODUCT = YES;
			};
			name = Release;
		};
		3D9E6E541E6E108E00A07DF1 /* Debug */ = {
			isa = XCBuildConfiguration;
			buildSettings = {
				ASSETCATALOG_COMPILER_APPICON_NAME = AppIcon;
				INFOPLIST_FILE = CIS55_FinalProject/Info.plist;
				LD_RUNPATH_SEARCH_PATHS = "$(inherited) @executable_path/Frameworks";
				PRODUCT_BUNDLE_IDENTIFIER = "edu.deanza.jthomas.CIS55-FinalProject";
				PRODUCT_NAME = "$(TARGET_NAME)";
				SWIFT_VERSION = 3.0;
			};
			name = Debug;
		};
		3D9E6E551E6E108E00A07DF1 /* Release */ = {
			isa = XCBuildConfiguration;
			buildSettings = {
				ASSETCATALOG_COMPILER_APPICON_NAME = AppIcon;
				INFOPLIST_FILE = CIS55_FinalProject/Info.plist;
				LD_RUNPATH_SEARCH_PATHS = "$(inherited) @executable_path/Frameworks";
				PRODUCT_BUNDLE_IDENTIFIER = "edu.deanza.jthomas.CIS55-FinalProject";
				PRODUCT_NAME = "$(TARGET_NAME)";
				SWIFT_VERSION = 3.0;
			};
			name = Release;
		};
/* End XCBuildConfiguration section */

/* Begin XCConfigurationList section */
		3D9E6E391E6E108D00A07DF1 /* Build configuration list for PBXProject "CIS55_FinalProject" */ = {
			isa = XCConfigurationList;
			buildConfigurations = (
				3D9E6E511E6E108E00A07DF1 /* Debug */,
				3D9E6E521E6E108E00A07DF1 /* Release */,
			);
			defaultConfigurationIsVisible = 0;
			defaultConfigurationName = Release;
		};
		3D9E6E531E6E108E00A07DF1 /* Build configuration list for PBXNativeTarget "CIS55_FinalProject" */ = {
			isa = XCConfigurationList;
			buildConfigurations = (
				3D9E6E541E6E108E00A07DF1 /* Debug */,
				3D9E6E551E6E108E00A07DF1 /* Release */,
			);
			defaultConfigurationIsVisible = 0;
			defaultConfigurationName = Release;
		};
/* End XCConfigurationList section */

/* Begin XCVersionGroup section */
		3D9E6E481E6E108D00A07DF1 /* CIS55_FinalProject.xcdatamodeld */ = {
			isa = XCVersionGroup;
			children = (
				3D9E6E491E6E108D00A07DF1 /* CIS55_FinalProject.xcdatamodel */,
			);
			currentVersion = 3D9E6E491E6E108D00A07DF1 /* CIS55_FinalProject.xcdatamodel */;
			path = CIS55_FinalProject.xcdatamodeld;
			sourceTree = "<group>";
			versionGroupType = wrapper.xcdatamodel;
		};
/* End XCVersionGroup section */
	};
	rootObject = 3D9E6E361E6E108D00A07DF1 /* Project object */;
}
